
Microsoft Visual Studio Solution File, Format Version 12.00
# Visual Studio Version 17
VisualStudioVersion = 17.0.32002.185
MinimumVisualStudioVersion = 15.0.26124.0
Project("{9A19103F-16F7-4668-BE54-9A1E7A4F7556}") = "System.Net.Mqtt", "System.Net.Mqtt\System.Net.Mqtt.csproj", "{10E15C7B-709F-4EF7-87DB-FF554A716D82}"
EndProject
Project("{9A19103F-16F7-4668-BE54-9A1E7A4F7556}") = "System.Net.Mqtt.Tests", "System.Net.Mqtt.Tests\System.Net.Mqtt.Tests.csproj", "{EC2DBAEF-B198-4AD0-913B-D3B24FA9A599}"
EndProject
Project("{9A19103F-16F7-4668-BE54-9A1E7A4F7556}") = "System.Net.Mqtt.Client", "System.Net.Mqtt.Client\System.Net.Mqtt.Client.csproj", "{DC35BAC3-CC6B-4B8A-B0C3-BAFFF09B5626}"
EndProject
Project("{9A19103F-16F7-4668-BE54-9A1E7A4F7556}") = "System.Common", "System.Common\System.Common\System.Common.csproj", "{BF80AF52-EDFE-4AB8-94D4-FAA89EB6F33A}"
EndProject
Project("{9A19103F-16F7-4668-BE54-9A1E7A4F7556}") = "System.Common.Net", "System.Common\System.Common.Net\System.Common.Net.csproj", "{777F0DDA-3D40-46F5-8F68-C21DD3F3AC0B}"
EndProject
Project("{9A19103F-16F7-4668-BE54-9A1E7A4F7556}") = "System.Common.Tests", "System.Common\System.Common.Tests\System.Common.Tests.csproj", "{7DDFE0CB-863B-4E1B-A7EE-AAC0B69CB889}"
EndProject
Project("{9A19103F-16F7-4668-BE54-9A1E7A4F7556}") = "Mqtt.Benchmark", "Mqtt.Benchmark\Mqtt.Benchmark.csproj", "{5712C98D-95D8-46F0-9265-96FD23EE9858}"
EndProject
Project("{9A19103F-16F7-4668-BE54-9A1E7A4F7556}") = "Mqtt.Server", "Mqtt.Server\Mqtt.Server.csproj", "{FB8BC02D-D988-4C43-B610-0D1A07BE669C}"
EndProject
Project("{9A19103F-16F7-4668-BE54-9A1E7A4F7556}") = "System.Net.Mqtt.Server", "System.Net.Mqtt.Server\System.Net.Mqtt.Server.csproj", "{507C5831-457C-4963-B775-BCB5D75EECF5}"
EndProject
Project("{9A19103F-16F7-4668-BE54-9A1E7A4F7556}") = "System.Net.Mqtt.Server.Hosting", "System.Net.Mqtt.Server.Hosting\System.Net.Mqtt.Server.Hosting.csproj", "{5358FB0F-4A8C-4D2A-B8D8-F9DB176DED98}"
EndProject
Project("{9A19103F-16F7-4668-BE54-9A1E7A4F7556}") = "System.Net.Mqtt.Server.AspNetCore.Hosting", "System.Net.Mqtt.Server.AspNetCore.Hosting\System.Net.Mqtt.Server.AspNetCore.Hosting.csproj", "{E24B60FC-C701-445A-AC7E-DAD6862F0F7F}"
EndProject
Project("{FAE04EC0-301F-11D3-BF4B-00C04F79EFBC}") = "Mqtt.Server.Web", "Mqtt.Server.Web\Mqtt.Server.Web.csproj", "{F074617E-5921-4C5D-AF5F-B099F7BA809D}"
EndProject
Project("{FAE04EC0-301F-11D3-BF4B-00C04F79EFBC}") = "Mqtt.Server.Identity", "Mqtt.Server.Identity\Mqtt.Server.Identity.csproj", "{43BCF91F-D398-4818-A84D-A5E3616E07C0}"
EndProject
Project("{2150E333-8FDC-42A3-9474-1A3956D46DE8}") = "Solution Items", "Solution Items", "{EEC3DD78-3E28-4A47-A642-C0880915BDD2}"
	ProjectSection(SolutionItems) = preProject
		.editorconfig = .editorconfig
		Directory.Build.props = Directory.Build.props
	EndProjectSection
EndProject
Project("{9A19103F-16F7-4668-BE54-9A1E7A4F7556}") = "System.Common.Configuration", "System.Common\System.Common.Configuration\System.Common.Configuration.csproj", "{7160697F-BEC1-4325-82EC-00FF12090D80}"
EndProject
Project("{9A19103F-16F7-4668-BE54-9A1E7A4F7556}") = "System.Common.CommandLine", "System.Common\System.Common.CommandLine\System.Common.CommandLine.csproj", "{0DBDDADF-9585-43D5-A753-B86CCC811B06}"
EndProject
Global
	GlobalSection(SolutionConfigurationPlatforms) = preSolution
		Debug|Any CPU = Debug|Any CPU
		Debug|x64 = Debug|x64
		Debug|x86 = Debug|x86
		Release|Any CPU = Release|Any CPU
		Release|x64 = Release|x64
		Release|x86 = Release|x86
	EndGlobalSection
	GlobalSection(ProjectConfigurationPlatforms) = postSolution
		{10E15C7B-709F-4EF7-87DB-FF554A716D82}.Debug|Any CPU.ActiveCfg = Debug|Any CPU
		{10E15C7B-709F-4EF7-87DB-FF554A716D82}.Debug|Any CPU.Build.0 = Debug|Any CPU
		{10E15C7B-709F-4EF7-87DB-FF554A716D82}.Debug|x64.ActiveCfg = Debug|Any CPU
		{10E15C7B-709F-4EF7-87DB-FF554A716D82}.Debug|x64.Build.0 = Debug|Any CPU
		{10E15C7B-709F-4EF7-87DB-FF554A716D82}.Debug|x86.ActiveCfg = Debug|Any CPU
		{10E15C7B-709F-4EF7-87DB-FF554A716D82}.Debug|x86.Build.0 = Debug|Any CPU
		{10E15C7B-709F-4EF7-87DB-FF554A716D82}.Release|Any CPU.ActiveCfg = Release|Any CPU
		{10E15C7B-709F-4EF7-87DB-FF554A716D82}.Release|Any CPU.Build.0 = Release|Any CPU
		{10E15C7B-709F-4EF7-87DB-FF554A716D82}.Release|x64.ActiveCfg = Release|Any CPU
		{10E15C7B-709F-4EF7-87DB-FF554A716D82}.Release|x64.Build.0 = Release|Any CPU
		{10E15C7B-709F-4EF7-87DB-FF554A716D82}.Release|x86.ActiveCfg = Release|Any CPU
		{10E15C7B-709F-4EF7-87DB-FF554A716D82}.Release|x86.Build.0 = Release|Any CPU
		{EC2DBAEF-B198-4AD0-913B-D3B24FA9A599}.Debug|Any CPU.ActiveCfg = Debug|Any CPU
		{EC2DBAEF-B198-4AD0-913B-D3B24FA9A599}.Debug|Any CPU.Build.0 = Debug|Any CPU
		{EC2DBAEF-B198-4AD0-913B-D3B24FA9A599}.Debug|x64.ActiveCfg = Debug|Any CPU
		{EC2DBAEF-B198-4AD0-913B-D3B24FA9A599}.Debug|x64.Build.0 = Debug|Any CPU
		{EC2DBAEF-B198-4AD0-913B-D3B24FA9A599}.Debug|x86.ActiveCfg = Debug|Any CPU
		{EC2DBAEF-B198-4AD0-913B-D3B24FA9A599}.Debug|x86.Build.0 = Debug|Any CPU
		{EC2DBAEF-B198-4AD0-913B-D3B24FA9A599}.Release|Any CPU.ActiveCfg = Release|Any CPU
		{EC2DBAEF-B198-4AD0-913B-D3B24FA9A599}.Release|Any CPU.Build.0 = Release|Any CPU
		{EC2DBAEF-B198-4AD0-913B-D3B24FA9A599}.Release|x64.ActiveCfg = Release|Any CPU
		{EC2DBAEF-B198-4AD0-913B-D3B24FA9A599}.Release|x64.Build.0 = Release|Any CPU
		{EC2DBAEF-B198-4AD0-913B-D3B24FA9A599}.Release|x86.ActiveCfg = Release|Any CPU
		{EC2DBAEF-B198-4AD0-913B-D3B24FA9A599}.Release|x86.Build.0 = Release|Any CPU
		{DC35BAC3-CC6B-4B8A-B0C3-BAFFF09B5626}.Debug|Any CPU.ActiveCfg = Debug|Any CPU
		{DC35BAC3-CC6B-4B8A-B0C3-BAFFF09B5626}.Debug|Any CPU.Build.0 = Debug|Any CPU
		{DC35BAC3-CC6B-4B8A-B0C3-BAFFF09B5626}.Debug|x64.ActiveCfg = Debug|Any CPU
		{DC35BAC3-CC6B-4B8A-B0C3-BAFFF09B5626}.Debug|x64.Build.0 = Debug|Any CPU
		{DC35BAC3-CC6B-4B8A-B0C3-BAFFF09B5626}.Debug|x86.ActiveCfg = Debug|Any CPU
		{DC35BAC3-CC6B-4B8A-B0C3-BAFFF09B5626}.Debug|x86.Build.0 = Debug|Any CPU
		{DC35BAC3-CC6B-4B8A-B0C3-BAFFF09B5626}.Release|Any CPU.ActiveCfg = Release|Any CPU
		{DC35BAC3-CC6B-4B8A-B0C3-BAFFF09B5626}.Release|Any CPU.Build.0 = Release|Any CPU
		{DC35BAC3-CC6B-4B8A-B0C3-BAFFF09B5626}.Release|x64.ActiveCfg = Release|Any CPU
		{DC35BAC3-CC6B-4B8A-B0C3-BAFFF09B5626}.Release|x64.Build.0 = Release|Any CPU
		{DC35BAC3-CC6B-4B8A-B0C3-BAFFF09B5626}.Release|x86.ActiveCfg = Release|Any CPU
		{DC35BAC3-CC6B-4B8A-B0C3-BAFFF09B5626}.Release|x86.Build.0 = Release|Any CPU
		{BF80AF52-EDFE-4AB8-94D4-FAA89EB6F33A}.Debug|Any CPU.ActiveCfg = Debug|Any CPU
		{BF80AF52-EDFE-4AB8-94D4-FAA89EB6F33A}.Debug|Any CPU.Build.0 = Debug|Any CPU
		{BF80AF52-EDFE-4AB8-94D4-FAA89EB6F33A}.Debug|x64.ActiveCfg = Debug|Any CPU
		{BF80AF52-EDFE-4AB8-94D4-FAA89EB6F33A}.Debug|x64.Build.0 = Debug|Any CPU
		{BF80AF52-EDFE-4AB8-94D4-FAA89EB6F33A}.Debug|x86.ActiveCfg = Debug|Any CPU
		{BF80AF52-EDFE-4AB8-94D4-FAA89EB6F33A}.Debug|x86.Build.0 = Debug|Any CPU
		{BF80AF52-EDFE-4AB8-94D4-FAA89EB6F33A}.Release|Any CPU.ActiveCfg = Release|Any CPU
		{BF80AF52-EDFE-4AB8-94D4-FAA89EB6F33A}.Release|Any CPU.Build.0 = Release|Any CPU
		{BF80AF52-EDFE-4AB8-94D4-FAA89EB6F33A}.Release|x64.ActiveCfg = Release|Any CPU
		{BF80AF52-EDFE-4AB8-94D4-FAA89EB6F33A}.Release|x64.Build.0 = Release|Any CPU
		{BF80AF52-EDFE-4AB8-94D4-FAA89EB6F33A}.Release|x86.ActiveCfg = Release|Any CPU
		{BF80AF52-EDFE-4AB8-94D4-FAA89EB6F33A}.Release|x86.Build.0 = Release|Any CPU
		{777F0DDA-3D40-46F5-8F68-C21DD3F3AC0B}.Debug|Any CPU.ActiveCfg = Debug|Any CPU
		{777F0DDA-3D40-46F5-8F68-C21DD3F3AC0B}.Debug|Any CPU.Build.0 = Debug|Any CPU
		{777F0DDA-3D40-46F5-8F68-C21DD3F3AC0B}.Debug|x64.ActiveCfg = Debug|Any CPU
		{777F0DDA-3D40-46F5-8F68-C21DD3F3AC0B}.Debug|x64.Build.0 = Debug|Any CPU
		{777F0DDA-3D40-46F5-8F68-C21DD3F3AC0B}.Debug|x86.ActiveCfg = Debug|Any CPU
		{777F0DDA-3D40-46F5-8F68-C21DD3F3AC0B}.Debug|x86.Build.0 = Debug|Any CPU
		{777F0DDA-3D40-46F5-8F68-C21DD3F3AC0B}.Release|Any CPU.ActiveCfg = Release|Any CPU
		{777F0DDA-3D40-46F5-8F68-C21DD3F3AC0B}.Release|Any CPU.Build.0 = Release|Any CPU
		{777F0DDA-3D40-46F5-8F68-C21DD3F3AC0B}.Release|x64.ActiveCfg = Release|Any CPU
		{777F0DDA-3D40-46F5-8F68-C21DD3F3AC0B}.Release|x64.Build.0 = Release|Any CPU
		{777F0DDA-3D40-46F5-8F68-C21DD3F3AC0B}.Release|x86.ActiveCfg = Release|Any CPU
		{777F0DDA-3D40-46F5-8F68-C21DD3F3AC0B}.Release|x86.Build.0 = Release|Any CPU
		{7DDFE0CB-863B-4E1B-A7EE-AAC0B69CB889}.Debug|Any CPU.ActiveCfg = Debug|Any CPU
		{7DDFE0CB-863B-4E1B-A7EE-AAC0B69CB889}.Debug|Any CPU.Build.0 = Debug|Any CPU
		{7DDFE0CB-863B-4E1B-A7EE-AAC0B69CB889}.Debug|x64.ActiveCfg = Debug|Any CPU
		{7DDFE0CB-863B-4E1B-A7EE-AAC0B69CB889}.Debug|x64.Build.0 = Debug|Any CPU
		{7DDFE0CB-863B-4E1B-A7EE-AAC0B69CB889}.Debug|x86.ActiveCfg = Debug|Any CPU
		{7DDFE0CB-863B-4E1B-A7EE-AAC0B69CB889}.Debug|x86.Build.0 = Debug|Any CPU
		{7DDFE0CB-863B-4E1B-A7EE-AAC0B69CB889}.Release|Any CPU.ActiveCfg = Release|Any CPU
		{7DDFE0CB-863B-4E1B-A7EE-AAC0B69CB889}.Release|Any CPU.Build.0 = Release|Any CPU
		{7DDFE0CB-863B-4E1B-A7EE-AAC0B69CB889}.Release|x64.ActiveCfg = Release|Any CPU
		{7DDFE0CB-863B-4E1B-A7EE-AAC0B69CB889}.Release|x64.Build.0 = Release|Any CPU
		{7DDFE0CB-863B-4E1B-A7EE-AAC0B69CB889}.Release|x86.ActiveCfg = Release|Any CPU
		{7DDFE0CB-863B-4E1B-A7EE-AAC0B69CB889}.Release|x86.Build.0 = Release|Any CPU
		{5712C98D-95D8-46F0-9265-96FD23EE9858}.Debug|Any CPU.ActiveCfg = Debug|Any CPU
		{5712C98D-95D8-46F0-9265-96FD23EE9858}.Debug|Any CPU.Build.0 = Debug|Any CPU
		{5712C98D-95D8-46F0-9265-96FD23EE9858}.Debug|x64.ActiveCfg = Debug|Any CPU
		{5712C98D-95D8-46F0-9265-96FD23EE9858}.Debug|x64.Build.0 = Debug|Any CPU
		{5712C98D-95D8-46F0-9265-96FD23EE9858}.Debug|x86.ActiveCfg = Debug|Any CPU
		{5712C98D-95D8-46F0-9265-96FD23EE9858}.Debug|x86.Build.0 = Debug|Any CPU
		{5712C98D-95D8-46F0-9265-96FD23EE9858}.Release|Any CPU.ActiveCfg = Release|Any CPU
		{5712C98D-95D8-46F0-9265-96FD23EE9858}.Release|Any CPU.Build.0 = Release|Any CPU
		{5712C98D-95D8-46F0-9265-96FD23EE9858}.Release|x64.ActiveCfg = Release|Any CPU
		{5712C98D-95D8-46F0-9265-96FD23EE9858}.Release|x64.Build.0 = Release|Any CPU
		{5712C98D-95D8-46F0-9265-96FD23EE9858}.Release|x86.ActiveCfg = Release|Any CPU
		{5712C98D-95D8-46F0-9265-96FD23EE9858}.Release|x86.Build.0 = Release|Any CPU
		{FB8BC02D-D988-4C43-B610-0D1A07BE669C}.Debug|Any CPU.ActiveCfg = Debug|Any CPU
		{FB8BC02D-D988-4C43-B610-0D1A07BE669C}.Debug|Any CPU.Build.0 = Debug|Any CPU
		{FB8BC02D-D988-4C43-B610-0D1A07BE669C}.Debug|x64.ActiveCfg = Debug|Any CPU
		{FB8BC02D-D988-4C43-B610-0D1A07BE669C}.Debug|x64.Build.0 = Debug|Any CPU
		{FB8BC02D-D988-4C43-B610-0D1A07BE669C}.Debug|x86.ActiveCfg = Debug|Any CPU
		{FB8BC02D-D988-4C43-B610-0D1A07BE669C}.Debug|x86.Build.0 = Debug|Any CPU
		{FB8BC02D-D988-4C43-B610-0D1A07BE669C}.Release|Any CPU.ActiveCfg = Release|Any CPU
		{FB8BC02D-D988-4C43-B610-0D1A07BE669C}.Release|Any CPU.Build.0 = Release|Any CPU
		{FB8BC02D-D988-4C43-B610-0D1A07BE669C}.Release|x64.ActiveCfg = Release|Any CPU
		{FB8BC02D-D988-4C43-B610-0D1A07BE669C}.Release|x64.Build.0 = Release|Any CPU
		{FB8BC02D-D988-4C43-B610-0D1A07BE669C}.Release|x86.ActiveCfg = Release|Any CPU
		{FB8BC02D-D988-4C43-B610-0D1A07BE669C}.Release|x86.Build.0 = Release|Any CPU
		{507C5831-457C-4963-B775-BCB5D75EECF5}.Debug|Any CPU.ActiveCfg = Debug|Any CPU
		{507C5831-457C-4963-B775-BCB5D75EECF5}.Debug|Any CPU.Build.0 = Debug|Any CPU
		{507C5831-457C-4963-B775-BCB5D75EECF5}.Debug|x64.ActiveCfg = Debug|Any CPU
		{507C5831-457C-4963-B775-BCB5D75EECF5}.Debug|x64.Build.0 = Debug|Any CPU
		{507C5831-457C-4963-B775-BCB5D75EECF5}.Debug|x86.ActiveCfg = Debug|Any CPU
		{507C5831-457C-4963-B775-BCB5D75EECF5}.Debug|x86.Build.0 = Debug|Any CPU
		{507C5831-457C-4963-B775-BCB5D75EECF5}.Release|Any CPU.ActiveCfg = Release|Any CPU
		{507C5831-457C-4963-B775-BCB5D75EECF5}.Release|Any CPU.Build.0 = Release|Any CPU
		{507C5831-457C-4963-B775-BCB5D75EECF5}.Release|x64.ActiveCfg = Release|Any CPU
		{507C5831-457C-4963-B775-BCB5D75EECF5}.Release|x64.Build.0 = Release|Any CPU
		{507C5831-457C-4963-B775-BCB5D75EECF5}.Release|x86.ActiveCfg = Release|Any CPU
		{507C5831-457C-4963-B775-BCB5D75EECF5}.Release|x86.Build.0 = Release|Any CPU
		{5358FB0F-4A8C-4D2A-B8D8-F9DB176DED98}.Debug|Any CPU.ActiveCfg = Debug|Any CPU
		{5358FB0F-4A8C-4D2A-B8D8-F9DB176DED98}.Debug|Any CPU.Build.0 = Debug|Any CPU
		{5358FB0F-4A8C-4D2A-B8D8-F9DB176DED98}.Debug|x64.ActiveCfg = Debug|Any CPU
		{5358FB0F-4A8C-4D2A-B8D8-F9DB176DED98}.Debug|x64.Build.0 = Debug|Any CPU
		{5358FB0F-4A8C-4D2A-B8D8-F9DB176DED98}.Debug|x86.ActiveCfg = Debug|Any CPU
		{5358FB0F-4A8C-4D2A-B8D8-F9DB176DED98}.Debug|x86.Build.0 = Debug|Any CPU
		{5358FB0F-4A8C-4D2A-B8D8-F9DB176DED98}.Release|Any CPU.ActiveCfg = Release|Any CPU
		{5358FB0F-4A8C-4D2A-B8D8-F9DB176DED98}.Release|Any CPU.Build.0 = Release|Any CPU
		{5358FB0F-4A8C-4D2A-B8D8-F9DB176DED98}.Release|x64.ActiveCfg = Release|Any CPU
		{5358FB0F-4A8C-4D2A-B8D8-F9DB176DED98}.Release|x64.Build.0 = Release|Any CPU
		{5358FB0F-4A8C-4D2A-B8D8-F9DB176DED98}.Release|x86.ActiveCfg = Release|Any CPU
		{5358FB0F-4A8C-4D2A-B8D8-F9DB176DED98}.Release|x86.Build.0 = Release|Any CPU
		{E24B60FC-C701-445A-AC7E-DAD6862F0F7F}.Debug|Any CPU.ActiveCfg = Debug|Any CPU
		{E24B60FC-C701-445A-AC7E-DAD6862F0F7F}.Debug|Any CPU.Build.0 = Debug|Any CPU
		{E24B60FC-C701-445A-AC7E-DAD6862F0F7F}.Debug|x64.ActiveCfg = Debug|Any CPU
		{E24B60FC-C701-445A-AC7E-DAD6862F0F7F}.Debug|x64.Build.0 = Debug|Any CPU
		{E24B60FC-C701-445A-AC7E-DAD6862F0F7F}.Debug|x86.ActiveCfg = Debug|Any CPU
		{E24B60FC-C701-445A-AC7E-DAD6862F0F7F}.Debug|x86.Build.0 = Debug|Any CPU
		{E24B60FC-C701-445A-AC7E-DAD6862F0F7F}.Release|Any CPU.ActiveCfg = Release|Any CPU
		{E24B60FC-C701-445A-AC7E-DAD6862F0F7F}.Release|Any CPU.Build.0 = Release|Any CPU
		{E24B60FC-C701-445A-AC7E-DAD6862F0F7F}.Release|x64.ActiveCfg = Release|Any CPU
		{E24B60FC-C701-445A-AC7E-DAD6862F0F7F}.Release|x64.Build.0 = Release|Any CPU
		{E24B60FC-C701-445A-AC7E-DAD6862F0F7F}.Release|x86.ActiveCfg = Release|Any CPU
		{E24B60FC-C701-445A-AC7E-DAD6862F0F7F}.Release|x86.Build.0 = Release|Any CPU
		{7160697F-BEC1-4325-82EC-00FF12090D80}.Debug|Any CPU.ActiveCfg = Debug|Any CPU
		{7160697F-BEC1-4325-82EC-00FF12090D80}.Debug|Any CPU.Build.0 = Debug|Any CPU
		{7160697F-BEC1-4325-82EC-00FF12090D80}.Debug|x64.ActiveCfg = Debug|Any CPU
		{7160697F-BEC1-4325-82EC-00FF12090D80}.Debug|x64.Build.0 = Debug|Any CPU
		{7160697F-BEC1-4325-82EC-00FF12090D80}.Debug|x86.ActiveCfg = Debug|Any CPU
		{7160697F-BEC1-4325-82EC-00FF12090D80}.Debug|x86.Build.0 = Debug|Any CPU
		{7160697F-BEC1-4325-82EC-00FF12090D80}.Release|Any CPU.ActiveCfg = Release|Any CPU
		{7160697F-BEC1-4325-82EC-00FF12090D80}.Release|Any CPU.Build.0 = Release|Any CPU
		{7160697F-BEC1-4325-82EC-00FF12090D80}.Release|x64.ActiveCfg = Release|Any CPU
		{7160697F-BEC1-4325-82EC-00FF12090D80}.Release|x64.Build.0 = Release|Any CPU
		{7160697F-BEC1-4325-82EC-00FF12090D80}.Release|x86.ActiveCfg = Release|Any CPU
		{7160697F-BEC1-4325-82EC-00FF12090D80}.Release|x86.Build.0 = Release|Any CPU
		{0DBDDADF-9585-43D5-A753-B86CCC811B06}.Debug|Any CPU.ActiveCfg = Debug|Any CPU
		{0DBDDADF-9585-43D5-A753-B86CCC811B06}.Debug|Any CPU.Build.0 = Debug|Any CPU
		{0DBDDADF-9585-43D5-A753-B86CCC811B06}.Debug|x64.ActiveCfg = Debug|Any CPU
		{0DBDDADF-9585-43D5-A753-B86CCC811B06}.Debug|x64.Build.0 = Debug|Any CPU
		{0DBDDADF-9585-43D5-A753-B86CCC811B06}.Debug|x86.ActiveCfg = Debug|Any CPU
		{0DBDDADF-9585-43D5-A753-B86CCC811B06}.Debug|x86.Build.0 = Debug|Any CPU
		{0DBDDADF-9585-43D5-A753-B86CCC811B06}.Release|Any CPU.ActiveCfg = Release|Any CPU
		{0DBDDADF-9585-43D5-A753-B86CCC811B06}.Release|Any CPU.Build.0 = Release|Any CPU
		{0DBDDADF-9585-43D5-A753-B86CCC811B06}.Release|x64.ActiveCfg = Release|Any CPU
		{0DBDDADF-9585-43D5-A753-B86CCC811B06}.Release|x64.Build.0 = Release|Any CPU
		{0DBDDADF-9585-43D5-A753-B86CCC811B06}.Release|x86.ActiveCfg = Release|Any CPU
		{0DBDDADF-9585-43D5-A753-B86CCC811B06}.Release|x86.Build.0 = Release|Any CPU
		{F074617E-5921-4C5D-AF5F-B099F7BA809D}.Debug|Any CPU.ActiveCfg = Debug|Any CPU
		{F074617E-5921-4C5D-AF5F-B099F7BA809D}.Debug|Any CPU.Build.0 = Debug|Any CPU
		{F074617E-5921-4C5D-AF5F-B099F7BA809D}.Debug|x64.ActiveCfg = Debug|Any CPU
		{F074617E-5921-4C5D-AF5F-B099F7BA809D}.Debug|x64.Build.0 = Debug|Any CPU
		{F074617E-5921-4C5D-AF5F-B099F7BA809D}.Debug|x86.ActiveCfg = Debug|Any CPU
		{F074617E-5921-4C5D-AF5F-B099F7BA809D}.Debug|x86.Build.0 = Debug|Any CPU
		{F074617E-5921-4C5D-AF5F-B099F7BA809D}.Release|Any CPU.ActiveCfg = Release|Any CPU
		{F074617E-5921-4C5D-AF5F-B099F7BA809D}.Release|Any CPU.Build.0 = Release|Any CPU
		{F074617E-5921-4C5D-AF5F-B099F7BA809D}.Release|x64.ActiveCfg = Release|Any CPU
		{F074617E-5921-4C5D-AF5F-B099F7BA809D}.Release|x64.Build.0 = Release|Any CPU
		{F074617E-5921-4C5D-AF5F-B099F7BA809D}.Release|x86.ActiveCfg = Release|Any CPU
		{F074617E-5921-4C5D-AF5F-B099F7BA809D}.Release|x86.Build.0 = Release|Any CPU
		{43BCF91F-D398-4818-A84D-A5E3616E07C0}.Debug|Any CPU.ActiveCfg = Debug|Any CPU
		{43BCF91F-D398-4818-A84D-A5E3616E07C0}.Debug|Any CPU.Build.0 = Debug|Any CPU
		{43BCF91F-D398-4818-A84D-A5E3616E07C0}.Debug|x64.ActiveCfg = Debug|Any CPU
		{43BCF91F-D398-4818-A84D-A5E3616E07C0}.Debug|x64.Build.0 = Debug|Any CPU
		{43BCF91F-D398-4818-A84D-A5E3616E07C0}.Debug|x86.ActiveCfg = Debug|Any CPU
		{43BCF91F-D398-4818-A84D-A5E3616E07C0}.Debug|x86.Build.0 = Debug|Any CPU
		{43BCF91F-D398-4818-A84D-A5E3616E07C0}.Release|Any CPU.ActiveCfg = Release|Any CPU
		{43BCF91F-D398-4818-A84D-A5E3616E07C0}.Release|Any CPU.Build.0 = Release|Any CPU
		{43BCF91F-D398-4818-A84D-A5E3616E07C0}.Release|x64.ActiveCfg = Release|Any CPU
		{43BCF91F-D398-4818-A84D-A5E3616E07C0}.Release|x64.Build.0 = Release|Any CPU
		{43BCF91F-D398-4818-A84D-A5E3616E07C0}.Release|x86.ActiveCfg = Release|Any CPU
		{43BCF91F-D398-4818-A84D-A5E3616E07C0}.Release|x86.Build.0 = Release|Any CPU
	EndGlobalSection
	GlobalSection(SolutionProperties) = preSolution
		HideSolutionNode = FALSE
	EndGlobalSection
	GlobalSection(ExtensibilityGlobals) = postSolution
		SolutionGuid = {ADD0D273-5673-4DD3-A2F1-21101B9DC829}
	EndGlobalSection
EndGlobal
